
Microsoft Visual Studio Solution File, Format Version 12.00
# Visual Studio Version 17
VisualStudioVersion = 17.0.32014.148
MinimumVisualStudioVersion = 10.0.40219.1
Project("{FAE04EC0-301F-11D3-BF4B-00C04F79EFBC}") = "SayiTahminOyunu", "SayiTahminOyunu\SayiTahminOyunu.csproj", "{B34517E6-E76B-41E1-8749-CAA51A4B8A92}"
EndProject
Global
	GlobalSection(SolutionConfigurationPlatforms) = preSolution
		Debug|Any CPU = Debug|Any CPU
		Release|Any CPU = Release|Any CPU
	EndGlobalSection
	GlobalSection(ProjectConfigurationPlatforms) = postSolution
		{B34517E6-E76B-41E1-8749-CAA51A4B8A92}.Debug|Any CPU.ActiveCfg = Debug|Any CPU
		{B34517E6-E76B-41E1-8749-CAA51A4B8A92}.Debug|Any CPU.Build.0 = Debug|Any CPU
		{B34517E6-E76B-41E1-8749-CAA51A4B8A92}.Release|Any CPU.ActiveCfg = Release|Any CPU
		{B34517E6-E76B-41E1-8749-CAA51A4B8A92}.Release|Any CPU.Build.0 = Release|Any CPU
	EndGlobalSection
	GlobalSection(SolutionProperties) = preSolution
		HideSolutionNode = FALSE
	EndGlobalSection
	GlobalSection(ExtensibilityGlobals) = postSolution
		SolutionGuid = {EABE98D3-CE46-4FE5-B3D7-4587BA309948}
	EndGlobalSection
EndGlobal
